
Microsoft Visual Studio Solution File, Format Version 12.00
# Visual Studio Version 16
VisualStudioVersion = 16.0.32126.315
MinimumVisualStudioVersion = 10.0.40219.1
Project("{8BC9CEB8-8B4A-11D0-8D11-00A0C91BC942}") = "빌더패턴_그루비", "빌더패턴_그루비\빌더패턴_그루비.vcxproj", "{F91DAEE9-19B1-45BB-9220-42A296700698}"
EndProject
Global
	GlobalSection(SolutionConfigurationPlatforms) = preSolution
		Debug|x64 = Debug|x64
		Debug|x86 = Debug|x86
		Release|x64 = Release|x64
		Release|x86 = Release|x86
	EndGlobalSection
	GlobalSection(ProjectConfigurationPlatforms) = postSolution
		{F91DAEE9-19B1-45BB-9220-42A296700698}.Debug|x64.ActiveCfg = Debug|x64
		{F91DAEE9-19B1-45BB-9220-42A296700698}.Debug|x64.Build.0 = Debug|x64
		{F91DAEE9-19B1-45BB-9220-42A296700698}.Debug|x86.ActiveCfg = Debug|Win32
		{F91DAEE9-19B1-45BB-9220-42A296700698}.Debug|x86.Build.0 = Debug|Win32
		{F91DAEE9-19B1-45BB-9220-42A296700698}.Release|x64.ActiveCfg = Release|x64
		{F91DAEE9-19B1-45BB-9220-42A296700698}.Release|x64.Build.0 = Release|x64
		{F91DAEE9-19B1-45BB-9220-42A296700698}.Release|x86.ActiveCfg = Release|Win32
		{F91DAEE9-19B1-45BB-9220-42A296700698}.Release|x86.Build.0 = Release|Win32
	EndGlobalSection
	GlobalSection(SolutionProperties) = preSolution
		HideSolutionNode = FALSE
	EndGlobalSection
	GlobalSection(ExtensibilityGlobals) = postSolution
		SolutionGuid = {E0B36E8F-43AE-4EC7-935C-401BF5BB3083}
	EndGlobalSection
EndGlobal
